
Microsoft Visual Studio Solution File, Format Version 12.00
# Visual Studio Version 17
VisualStudioVersion = 17.2.32526.322
MinimumVisualStudioVersion = 10.0.40219.1
Project("{FAE04EC0-301F-11D3-BF4B-00C04F79EFBC}") = "01.Hello World", "01.Hello World\01.Hello World.csproj", "{19D0DD5F-6611-44EB-96EE-994AE0240C0F}"
EndProject
Global
	GlobalSection(SolutionConfigurationPlatforms) = preSolution
		Debug|Any CPU = Debug|Any CPU
		Release|Any CPU = Release|Any CPU
	EndGlobalSection
	GlobalSection(ProjectConfigurationPlatforms) = postSolution
		{19D0DD5F-6611-44EB-96EE-994AE0240C0F}.Debug|Any CPU.ActiveCfg = Debug|Any CPU
		{19D0DD5F-6611-44EB-96EE-994AE0240C0F}.Debug|Any CPU.Build.0 = Debug|Any CPU
		{19D0DD5F-6611-44EB-96EE-994AE0240C0F}.Release|Any CPU.ActiveCfg = Release|Any CPU
		{19D0DD5F-6611-44EB-96EE-994AE0240C0F}.Release|Any CPU.Build.0 = Release|Any CPU
	EndGlobalSection
	GlobalSection(SolutionProperties) = preSolution
		HideSolutionNode = FALSE
	EndGlobalSection
	GlobalSection(ExtensibilityGlobals) = postSolution
		SolutionGuid = {D1AE95AC-7F40-4168-85AD-E4DB6D1055F2}
	EndGlobalSection
EndGlobal
